// !$*UTF8*$!
{
	archiveVersion = 1;
	classes = {
	};
	objectVersion = 46;
	objects = {

/* Begin PBXBuildFile section */
		8C82694318D95E6A005DBB85 /* Foundation.framework in Frameworks */ = {isa = PBXBuildFile; fileRef = 8C82694218D95E6A005DBB85 /* Foundation.framework */; };
		8C82694518D95E6A005DBB85 /* CoreGraphics.framework in Frameworks */ = {isa = PBXBuildFile; fileRef = 8C82694418D95E6A005DBB85 /* CoreGraphics.framework */; };
		8C82694718D95E6A005DBB85 /* UIKit.framework in Frameworks */ = {isa = PBXBuildFile; fileRef = 8C82694618D95E6A005DBB85 /* UIKit.framework */; };
		8C82694D18D95E6A005DBB85 /* InfoPlist.strings in Resources */ = {isa = PBXBuildFile; fileRef = 8C82694B18D95E6A005DBB85 /* InfoPlist.strings */; };
		8C82694F18D95E6A005DBB85 /* main.m in Sources */ = {isa = PBXBuildFile; fileRef = 8C82694E18D95E6A005DBB85 /* main.m */; };
		8C82695318D95E6A005DBB85 /* MRIAppDelegate.m in Sources */ = {isa = PBXBuildFile; fileRef = 8C82695218D95E6A005DBB85 /* MRIAppDelegate.m */; };
		8C82695618D95E6A005DBB85 /* Main.storyboard in Resources */ = {isa = PBXBuildFile; fileRef = 8C82695418D95E6A005DBB85 /* Main.storyboard */; };
		8C82695918D95E6A005DBB85 /* MRIFirstViewController.m in Sources */ = {isa = PBXBuildFile; fileRef = 8C82695818D95E6A005DBB85 /* MRIFirstViewController.m */; };
		8C82695C18D95E6A005DBB85 /* MRISecondViewController.m in Sources */ = {isa = PBXBuildFile; fileRef = 8C82695B18D95E6A005DBB85 /* MRISecondViewController.m */; };
		8C82695E18D95E6B005DBB85 /* Images.xcassets in Resources */ = {isa = PBXBuildFile; fileRef = 8C82695D18D95E6B005DBB85 /* Images.xcassets */; };
		8C82696518D95E6B005DBB85 /* XCTest.framework in Frameworks */ = {isa = PBXBuildFile; fileRef = 8C82696418D95E6B005DBB85 /* XCTest.framework */; };
		8C82696618D95E6B005DBB85 /* Foundation.framework in Frameworks */ = {isa = PBXBuildFile; fileRef = 8C82694218D95E6A005DBB85 /* Foundation.framework */; };
		8C82696718D95E6B005DBB85 /* UIKit.framework in Frameworks */ = {isa = PBXBuildFile; fileRef = 8C82694618D95E6A005DBB85 /* UIKit.framework */; };
		8C82696F18D95E6B005DBB85 /* InfoPlist.strings in Resources */ = {isa = PBXBuildFile; fileRef = 8C82696D18D95E6B005DBB85 /* InfoPlist.strings */; };
		8C82697118D95E6B005DBB85 /* marinTests.m in Sources */ = {isa = PBXBuildFile; fileRef = 8C82697018D95E6B005DBB85 /* marinTests.m */; };
/* End PBXBuildFile section */

/* Begin PBXContainerItemProxy section */
		8C82696818D95E6B005DBB85 /* PBXContainerItemProxy */ = {
			isa = PBXContainerItemProxy;
			containerPortal = 8C82693718D95E6A005DBB85 /* Project object */;
			proxyType = 1;
			remoteGlobalIDString = 8C82693E18D95E6A005DBB85;
			remoteInfo = marin;
		};
/* End PBXContainerItemProxy section */

/* Begin PBXFileReference section */
		8C82693F18D95E6A005DBB85 /* marin.app */ = {isa = PBXFileReference; explicitFileType = wrapper.application; includeInIndex = 0; path = marin.app; sourceTree = BUILT_PRODUCTS_DIR; };
		8C82694218D95E6A005DBB85 /* Foundation.framework */ = {isa = PBXFileReference; lastKnownFileType = wrapper.framework; name = Foundation.framework; path = System/Library/Frameworks/Foundation.framework; sourceTree = SDKROOT; };
		8C82694418D95E6A005DBB85 /* CoreGraphics.framework */ = {isa = PBXFileReference; lastKnownFileType = wrapper.framework; name = CoreGraphics.framework; path = System/Library/Frameworks/CoreGraphics.framework; sourceTree = SDKROOT; };
		8C82694618D95E6A005DBB85 /* UIKit.framework */ = {isa = PBXFileReference; lastKnownFileType = wrapper.framework; name = UIKit.framework; path = System/Library/Frameworks/UIKit.framework; sourceTree = SDKROOT; };
		8C82694A18D95E6A005DBB85 /* marin-Info.plist */ = {isa = PBXFileReference; lastKnownFileType = text.plist.xml; path = "marin-Info.plist"; sourceTree = "<group>"; };
		8C82694C18D95E6A005DBB85 /* en */ = {isa = PBXFileReference; lastKnownFileType = text.plist.strings; name = en; path = en.lproj/InfoPlist.strings; sourceTree = "<group>"; };
		8C82694E18D95E6A005DBB85 /* main.m */ = {isa = PBXFileReference; lastKnownFileType = sourcecode.c.objc; path = main.m; sourceTree = "<group>"; };
		8C82695018D95E6A005DBB85 /* marin-Prefix.pch */ = {isa = PBXFileReference; lastKnownFileType = sourcecode.c.h; path = "marin-Prefix.pch"; sourceTree = "<group>"; };
		8C82695118D95E6A005DBB85 /* MRIAppDelegate.h */ = {isa = PBXFileReference; lastKnownFileType = sourcecode.c.h; path = MRIAppDelegate.h; sourceTree = "<group>"; };
		8C82695218D95E6A005DBB85 /* MRIAppDelegate.m */ = {isa = PBXFileReference; lastKnownFileType = sourcecode.c.objc; path = MRIAppDelegate.m; sourceTree = "<group>"; };
		8C82695518D95E6A005DBB85 /* Base */ = {isa = PBXFileReference; lastKnownFileType = file.storyboard; name = Base; path = Base.lproj/Main.storyboard; sourceTree = "<group>"; };
		8C82695718D95E6A005DBB85 /* MRIFirstViewController.h */ = {isa = PBXFileReference; lastKnownFileType = sourcecode.c.h; path = MRIFirstViewController.h; sourceTree = "<group>"; };
		8C82695818D95E6A005DBB85 /* MRIFirstViewController.m */ = {isa = PBXFileReference; lastKnownFileType = sourcecode.c.objc; path = MRIFirstViewController.m; sourceTree = "<group>"; };
		8C82695A18D95E6A005DBB85 /* MRISecondViewController.h */ = {isa = PBXFileReference; lastKnownFileType = sourcecode.c.h; path = MRISecondViewController.h; sourceTree = "<group>"; };
		8C82695B18D95E6A005DBB85 /* MRISecondViewController.m */ = {isa = PBXFileReference; lastKnownFileType = sourcecode.c.objc; path = MRISecondViewController.m; sourceTree = "<group>"; };
		8C82695D18D95E6B005DBB85 /* Images.xcassets */ = {isa = PBXFileReference; lastKnownFileType = folder.assetcatalog; path = Images.xcassets; sourceTree = "<group>"; };
		8C82696318D95E6B005DBB85 /* marinTests.xctest */ = {isa = PBXFileReference; explicitFileType = wrapper.cfbundle; includeInIndex = 0; path = marinTests.xctest; sourceTree = BUILT_PRODUCTS_DIR; };
		8C82696418D95E6B005DBB85 /* XCTest.framework */ = {isa = PBXFileReference; lastKnownFileType = wrapper.framework; name = XCTest.framework; path = Library/Frameworks/XCTest.framework; sourceTree = DEVELOPER_DIR; };
		8C82696C18D95E6B005DBB85 /* marinTests-Info.plist */ = {isa = PBXFileReference; lastKnownFileType = text.plist.xml; path = "marinTests-Info.plist"; sourceTree = "<group>"; };
		8C82696E18D95E6B005DBB85 /* en */ = {isa = PBXFileReference; lastKnownFileType = text.plist.strings; name = en; path = en.lproj/InfoPlist.strings; sourceTree = "<group>"; };
		8C82697018D95E6B005DBB85 /* marinTests.m */ = {isa = PBXFileReference; lastKnownFileType = sourcecode.c.objc; path = marinTests.m; sourceTree = "<group>"; };
/* End PBXFileReference section */

/* Begin PBXFrameworksBuildPhase section */
		8C82693C18D95E6A005DBB85 /* Frameworks */ = {
			isa = PBXFrameworksBuildPhase;
			buildActionMask = 2147483647;
			files = (
				8C82694518D95E6A005DBB85 /* CoreGraphics.framework in Frameworks */,
				8C82694718D95E6A005DBB85 /* UIKit.framework in Frameworks */,
				8C82694318D95E6A005DBB85 /* Foundation.framework in Frameworks */,
			);
			runOnlyForDeploymentPostprocessing = 0;
		};
		8C82696018D95E6B005DBB85 /* Frameworks */ = {
			isa = PBXFrameworksBuildPhase;
			buildActionMask = 2147483647;
			files = (
				8C82696518D95E6B005DBB85 /* XCTest.framework in Frameworks */,
				8C82696718D95E6B005DBB85 /* UIKit.framework in Frameworks */,
				8C82696618D95E6B005DBB85 /* Foundation.framework in Frameworks */,
			);
			runOnlyForDeploymentPostprocessing = 0;
		};
/* End PBXFrameworksBuildPhase section */

/* Begin PBXGroup section */
		8C82693618D95E6A005DBB85 = {
			isa = PBXGroup;
			children = (
				8C82694818D95E6A005DBB85 /* marin */,
				8C82696A18D95E6B005DBB85 /* marinTests */,
				8C82694118D95E6A005DBB85 /* Frameworks */,
				8C82694018D95E6A005DBB85 /* Products */,
			);
			sourceTree = "<group>";
		};
		8C82694018D95E6A005DBB85 /* Products */ = {
			isa = PBXGroup;
			children = (
				8C82693F18D95E6A005DBB85 /* marin.app */,
				8C82696318D95E6B005DBB85 /* marinTests.xctest */,
			);
			name = Products;
			sourceTree = "<group>";
		};
		8C82694118D95E6A005DBB85 /* Frameworks */ = {
			isa = PBXGroup;
			children = (
				8C82694218D95E6A005DBB85 /* Foundation.framework */,
				8C82694418D95E6A005DBB85 /* CoreGraphics.framework */,
				8C82694618D95E6A005DBB85 /* UIKit.framework */,
				8C82696418D95E6B005DBB85 /* XCTest.framework */,
			);
			name = Frameworks;
			sourceTree = "<group>";
		};
		8C82694818D95E6A005DBB85 /* marin */ = {
			isa = PBXGroup;
			children = (
				8C82695118D95E6A005DBB85 /* MRIAppDelegate.h */,
				8C82695218D95E6A005DBB85 /* MRIAppDelegate.m */,
				8C82695418D95E6A005DBB85 /* Main.storyboard */,
				8C82695718D95E6A005DBB85 /* MRIFirstViewController.h */,
				8C82695818D95E6A005DBB85 /* MRIFirstViewController.m */,
				8C82695A18D95E6A005DBB85 /* MRISecondViewController.h */,
				8C82695B18D95E6A005DBB85 /* MRISecondViewController.m */,
				8C82695D18D95E6B005DBB85 /* Images.xcassets */,
				8C82694918D95E6A005DBB85 /* Supporting Files */,
			);
			path = marin;
			sourceTree = "<group>";
		};
		8C82694918D95E6A005DBB85 /* Supporting Files */ = {
			isa = PBXGroup;
			children = (
				8C82694A18D95E6A005DBB85 /* marin-Info.plist */,
				8C82694B18D95E6A005DBB85 /* InfoPlist.strings */,
				8C82694E18D95E6A005DBB85 /* main.m */,
				8C82695018D95E6A005DBB85 /* marin-Prefix.pch */,
			);
			name = "Supporting Files";
			sourceTree = "<group>";
		};
		8C82696A18D95E6B005DBB85 /* marinTests */ = {
			isa = PBXGroup;
			children = (
				8C82697018D95E6B005DBB85 /* marinTests.m */,
				8C82696B18D95E6B005DBB85 /* Supporting Files */,
			);
			path = marinTests;
			sourceTree = "<group>";
		};
		8C82696B18D95E6B005DBB85 /* Supporting Files */ = {
			isa = PBXGroup;
			children = (
				8C82696C18D95E6B005DBB85 /* marinTests-Info.plist */,
				8C82696D18D95E6B005DBB85 /* InfoPlist.strings */,
			);
			name = "Supporting Files";
			sourceTree = "<group>";
		};
/* End PBXGroup section */

/* Begin PBXNativeTarget section */
		8C82693E18D95E6A005DBB85 /* marin */ = {
			isa = PBXNativeTarget;
			buildConfigurationList = 8C82697418D95E6B005DBB85 /* Build configuration list for PBXNativeTarget "marin" */;
			buildPhases = (
				8C82693B18D95E6A005DBB85 /* Sources */,
				8C82693C18D95E6A005DBB85 /* Frameworks */,
				8C82693D18D95E6A005DBB85 /* Resources */,
			);
			buildRules = (
			);
			dependencies = (
			);
			name = marin;
			productName = marin;
			productReference = 8C82693F18D95E6A005DBB85 /* marin.app */;
			productType = "com.apple.product-type.application";
		};
		8C82696218D95E6B005DBB85 /* marinTests */ = {
			isa = PBXNativeTarget;
			buildConfigurationList = 8C82697718D95E6B005DBB85 /* Build configuration list for PBXNativeTarget "marinTests" */;
			buildPhases = (
				8C82695F18D95E6B005DBB85 /* Sources */,
				8C82696018D95E6B005DBB85 /* Frameworks */,
				8C82696118D95E6B005DBB85 /* Resources */,
			);
			buildRules = (
			);
			dependencies = (
				8C82696918D95E6B005DBB85 /* PBXTargetDependency */,
			);
			name = marinTests;
			productName = marinTests;
			productReference = 8C82696318D95E6B005DBB85 /* marinTests.xctest */;
			productType = "com.apple.product-type.bundle.unit-test";
		};
/* End PBXNativeTarget section */

/* Begin PBXProject section */
		8C82693718D95E6A005DBB85 /* Project object */ = {
			isa = PBXProject;
			attributes = {
				CLASSPREFIX = MRI;
				LastUpgradeCheck = 0510;
				ORGANIZATIONNAME = "羽田 健太郎";
				TargetAttributes = {
					8C82696218D95E6B005DBB85 = {
						TestTargetID = 8C82693E18D95E6A005DBB85;
					};
				};
			};
			buildConfigurationList = 8C82693A18D95E6A005DBB85 /* Build configuration list for PBXProject "marin" */;
			compatibilityVersion = "Xcode 3.2";
			developmentRegion = English;
			hasScannedForEncodings = 0;
			knownRegions = (
				en,
				Base,
			);
			mainGroup = 8C82693618D95E6A005DBB85;
			productRefGroup = 8C82694018D95E6A005DBB85 /* Products */;
			projectDirPath = "";
			projectRoot = "";
			targets = (
				8C82693E18D95E6A005DBB85 /* marin */,
				8C82696218D95E6B005DBB85 /* marinTests */,
			);
		};
/* End PBXProject section */

/* Begin PBXResourcesBuildPhase section */
		8C82693D18D95E6A005DBB85 /* Resources */ = {
			isa = PBXResourcesBuildPhase;
			buildActionMask = 2147483647;
			files = (
				8C82695E18D95E6B005DBB85 /* Images.xcassets in Resources */,
				8C82694D18D95E6A005DBB85 /* InfoPlist.strings in Resources */,
				8C82695618D95E6A005DBB85 /* Main.storyboard in Resources */,
			);
			runOnlyForDeploymentPostprocessing = 0;
		};
		8C82696118D95E6B005DBB85 /* Resources */ = {
			isa = PBXResourcesBuildPhase;
			buildActionMask = 2147483647;
			files = (
				8C82696F18D95E6B005DBB85 /* InfoPlist.strings in Resources */,
			);
			runOnlyForDeploymentPostprocessing = 0;
		};
/* End PBXResourcesBuildPhase section */

/* Begin PBXSourcesBuildPhase section */
		8C82693B18D95E6A005DBB85 /* Sources */ = {
			isa = PBXSourcesBuildPhase;
			buildActionMask = 2147483647;
			files = (
				8C82695918D95E6A005DBB85 /* MRIFirstViewController.m in Sources */,
				8C82694F18D95E6A005DBB85 /* main.m in Sources */,
				8C82695318D95E6A005DBB85 /* MRIAppDelegate.m in Sources */,
				8C82695C18D95E6A005DBB85 /* MRISecondViewController.m in Sources */,
			);
			runOnlyForDeploymentPostprocessing = 0;
		};
		8C82695F18D95E6B005DBB85 /* Sources */ = {
			isa = PBXSourcesBuildPhase;
			buildActionMask = 2147483647;
			files = (
				8C82697118D95E6B005DBB85 /* marinTests.m in Sources */,
			);
			runOnlyForDeploymentPostprocessing = 0;
		};
/* End PBXSourcesBuildPhase section */

/* Begin PBXTargetDependency section */
		8C82696918D95E6B005DBB85 /* PBXTargetDependency */ = {
			isa = PBXTargetDependency;
			target = 8C82693E18D95E6A005DBB85 /* marin */;
			targetProxy = 8C82696818D95E6B005DBB85 /* PBXContainerItemProxy */;
		};
/* End PBXTargetDependency section */

/* Begin PBXVariantGroup section */
		8C82694B18D95E6A005DBB85 /* InfoPlist.strings */ = {
			isa = PBXVariantGroup;
			children = (
				8C82694C18D95E6A005DBB85 /* en */,
			);
			name = InfoPlist.strings;
			sourceTree = "<group>";
		};
		8C82695418D95E6A005DBB85 /* Main.storyboard */ = {
			isa = PBXVariantGroup;
			children = (
				8C82695518D95E6A005DBB85 /* Base */,
			);
			name = Main.storyboard;
			sourceTree = "<group>";
		};
		8C82696D18D95E6B005DBB85 /* InfoPlist.strings */ = {
			isa = PBXVariantGroup;
			children = (
				8C82696E18D95E6B005DBB85 /* en */,
			);
			name = InfoPlist.strings;
			sourceTree = "<group>";
		};
/* End PBXVariantGroup section */

/* Begin XCBuildConfiguration section */
		8C82697218D95E6B005DBB85 /* Debug */ = {
			isa = XCBuildConfiguration;
			buildSettings = {
				ALWAYS_SEARCH_USER_PATHS = NO;
				CLANG_CXX_LANGUAGE_STANDARD = "gnu++0x";
				CLANG_CXX_LIBRARY = "libc++";
				CLANG_ENABLE_MODULES = YES;
				CLANG_ENABLE_OBJC_ARC = YES;
				CLANG_WARN_BOOL_CONVERSION = YES;
				CLANG_WARN_CONSTANT_CONVERSION = YES;
				CLANG_WARN_DIRECT_OBJC_ISA_USAGE = YES_ERROR;
				CLANG_WARN_EMPTY_BODY = YES;
				CLANG_WARN_ENUM_CONVERSION = YES;
				CLANG_WARN_INT_CONVERSION = YES;
				CLANG_WARN_OBJC_ROOT_CLASS = YES_ERROR;
				CLANG_WARN__DUPLICATE_METHOD_MATCH = YES;
				"CODE_SIGN_IDENTITY[sdk=iphoneos*]" = "iPhone Developer";
				COPY_PHASE_STRIP = NO;
				GCC_C_LANGUAGE_STANDARD = gnu99;
				GCC_DYNAMIC_NO_PIC = NO;
				GCC_OPTIMIZATION_LEVEL = 0;
				GCC_PREPROCESSOR_DEFINITIONS = (
					"DEBUG=1",
					"$(inherited)",
				);
				GCC_SYMBOLS_PRIVATE_EXTERN = NO;
				GCC_WARN_64_TO_32_BIT_CONVERSION = YES;
				GCC_WARN_ABOUT_RETURN_TYPE = YES_ERROR;
				GCC_WARN_UNDECLARED_SELECTOR = YES;
				GCC_WARN_UNINITIALIZED_AUTOS = YES_AGGRESSIVE;
				GCC_WARN_UNUSED_FUNCTION = YES;
				GCC_WARN_UNUSED_VARIABLE = YES;
				IPHONEOS_DEPLOYMENT_TARGET = 7.1;
				ONLY_ACTIVE_ARCH = YES;
				SDKROOT = iphoneos;
			};
			name = Debug;
		};
		8C82697318D95E6B005DBB85 /* Release */ = {
			isa = XCBuildConfiguration;
			buildSettings = {
				ALWAYS_SEARCH_USER_PATHS = NO;
				CLANG_CXX_LANGUAGE_STANDARD = "gnu++0x";
				CLANG_CXX_LIBRARY = "libc++";
				CLANG_ENABLE_MODULES = YES;
				CLANG_ENABLE_OBJC_ARC = YES;
				CLANG_WARN_BOOL_CONVERSION = YES;
				CLANG_WARN_CONSTANT_CONVERSION = YES;
				CLANG_WARN_DIRECT_OBJC_ISA_USAGE = YES_ERROR;
				CLANG_WARN_EMPTY_BODY = YES;
				CLANG_WARN_ENUM_CONVERSION = YES;
				CLANG_WARN_INT_CONVERSION = YES;
				CLANG_WARN_OBJC_ROOT_CLASS = YES_ERROR;
				CLANG_WARN__DUPLICATE_METHOD_MATCH = YES;
				"CODE_SIGN_IDENTITY[sdk=iphoneos*]" = "iPhone Developer";
				COPY_PHASE_STRIP = YES;
				ENABLE_NS_ASSERTIONS = NO;
				GCC_C_LANGUAGE_STANDARD = gnu99;
				GCC_WARN_64_TO_32_BIT_CONVERSION = YES;
				GCC_WARN_ABOUT_RETURN_TYPE = YES_ERROR;
				GCC_WARN_UNDECLARED_SELECTOR = YES;
				GCC_WARN_UNINITIALIZED_AUTOS = YES_AGGRESSIVE;
				GCC_WARN_UNUSED_FUNCTION = YES;
				GCC_WARN_UNUSED_VARIABLE = YES;
				IPHONEOS_DEPLOYMENT_TARGET = 7.1;
				SDKROOT = iphoneos;
				VALIDATE_PRODUCT = YES;
			};
			name = Release;
		};
		8C82697518D95E6B005DBB85 /* Debug */ = {
			isa = XCBuildConfiguration;
			buildSettings = {
				ASSETCATALOG_COMPILER_APPICON_NAME = AppIcon;
				ASSETCATALOG_COMPILER_LAUNCHIMAGE_NAME = LaunchImage;
				GCC_PRECOMPILE_PREFIX_HEADER = YES;
				GCC_PREFIX_HEADER = "marin/marin-Prefix.pch";
				INFOPLIST_FILE = "marin/marin-Info.plist";
				PRODUCT_NAME = "$(TARGET_NAME)";
				WRAPPER_EXTENSION = app;
			};
			name = Debug;
		};
		8C82697618D95E6B005DBB85 /* Release */ = {
			isa = XCBuildConfiguration;
			buildSettings = {
				ASSETCATALOG_COMPILER_APPICON_NAME = AppIcon;
				ASSETCATALOG_COMPILER_LAUNCHIMAGE_NAME = LaunchImage;
				GCC_PRECOMPILE_PREFIX_HEADER = YES;
				GCC_PREFIX_HEADER = "marin/marin-Prefix.pch";
				INFOPLIST_FILE = "marin/marin-Info.plist";
				PRODUCT_NAME = "$(TARGET_NAME)";
				WRAPPER_EXTENSION = app;
			};
			name = Release;
		};
		8C82697818D95E6B005DBB85 /* Debug */ = {
			isa = XCBuildConfiguration;
			buildSettings = {
				BUNDLE_LOADER = "$(BUILT_PRODUCTS_DIR)/marin.app/marin";
				FRAMEWORK_SEARCH_PATHS = (
					"$(SDKROOT)/Developer/Library/Frameworks",
					"$(inherited)",
					"$(DEVELOPER_FRAMEWORKS_DIR)",
				);
				GCC_PRECOMPILE_PREFIX_HEADER = YES;
				GCC_PREFIX_HEADER = "marin/marin-Prefix.pch";
				GCC_PREPROCESSOR_DEFINITIONS = (
					"DEBUG=1",
					"$(inherited)",
				);
				INFOPLIST_FILE = "marinTests/marinTests-Info.plist";
				PRODUCT_NAME = "$(TARGET_NAME)";
				TEST_HOST = "$(BUNDLE_LOADER)";
				WRAPPER_EXTENSION = xctest;
			};
			name = Debug;
		};
		8C82697918D95E6B005DBB85 /* Release */ = {
			isa = XCBuildConfiguration;
			buildSettings = {
				BUNDLE_LOADER = "$(BUILT_PRODUCTS_DIR)/marin.app/marin";
				FRAMEWORK_SEARCH_PATHS = (
					"$(SDKROOT)/Developer/Library/Frameworks",
					"$(inherited)",
					"$(DEVELOPER_FRAMEWORKS_DIR)",
				);
				GCC_PRECOMPILE_PREFIX_HEADER = YES;
				GCC_PREFIX_HEADER = "marin/marin-Prefix.pch";
				INFOPLIST_FILE = "marinTests/marinTests-Info.plist";
				PRODUCT_NAME = "$(TARGET_NAME)";
				TEST_HOST = "$(BUNDLE_LOADER)";
				WRAPPER_EXTENSION = xctest;
			};
			name = Release;
		};
/* End XCBuildConfiguration section */

/* Begin XCConfigurationList section */
		8C82693A18D95E6A005DBB85 /* Build configuration list for PBXProject "marin" */ = {
			isa = XCConfigurationList;
			buildConfigurations = (
				8C82697218D95E6B005DBB85 /* Debug */,
				8C82697318D95E6B005DBB85 /* Release */,
			);
			defaultConfigurationIsVisible = 0;
			defaultConfigurationName = Release;
		};
		8C82697418D95E6B005DBB85 /* Build configuration list for PBXNativeTarget "marin" */ = {
			isa = XCConfigurationList;
			buildConfigurations = (
				8C82697518D95E6B005DBB85 /* Debug */,
				8C82697618D95E6B005DBB85 /* Release */,
			);
			defaultConfigurationIsVisible = 0;
		};
		8C82697718D95E6B005DBB85 /* Build configuration list for PBXNativeTarget "marinTests" */ = {
			isa = XCConfigurationList;
			buildConfigurations = (
				8C82697818D95E6B005DBB85 /* Debug */,
				8C82697918D95E6B005DBB85 /* Release */,
			);
			defaultConfigurationIsVisible = 0;
		};
/* End XCConfigurationList section */
	};
	rootObject = 8C82693718D95E6A005DBB85 /* Project object */;
}
